
Microsoft Visual Studio Solution File, Format Version 12.00
# Visual Studio 15
VisualStudioVersion = 15.0.27130.2003
MinimumVisualStudioVersion = 10.0.40219.1
Project("{FAE04EC0-301F-11D3-BF4B-00C04F79EFBC}") = "01_Crossroads", "01_Crossroads\01_Crossroads.csproj", "{6B8FCED5-F4F9-427E-8E68-3051AA545227}"
EndProject
Project("{FAE04EC0-301F-11D3-BF4B-00C04F79EFBC}") = "02_KnightGame", "02_KnightGame\02_KnightGame.csproj", "{6C4C6A92-2ED4-4A42-B760-6F80D81ADCC2}"
EndProject
Project("{FAE04EC0-301F-11D3-BF4B-00C04F79EFBC}") = "03_TicketTrouble", "03_TicketTrouble\03_TicketTrouble.csproj", "{BC8AC356-7A38-41EA-9576-A2E56AC17CBC}"
EndProject
Project("{FAE04EC0-301F-11D3-BF4B-00C04F79EFBC}") = "04_MovieTime", "04_MovieTime\04_MovieTime.csproj", "{35A7091F-9E09-4796-9480-36D960BFA5AD}"
EndProject
Project("{FAE04EC0-301F-11D3-BF4B-00C04F79EFBC}") = "02_ParkingFeud", "02_ParkingFeud\02_ParkingFeud.csproj", "{BE136618-CBAA-49A8-9326-07E91C75A874}"
EndProject
Global
	GlobalSection(SolutionConfigurationPlatforms) = preSolution
		Debug|Any CPU = Debug|Any CPU
		Release|Any CPU = Release|Any CPU
	EndGlobalSection
	GlobalSection(ProjectConfigurationPlatforms) = postSolution
		{6B8FCED5-F4F9-427E-8E68-3051AA545227}.Debug|Any CPU.ActiveCfg = Debug|Any CPU
		{6B8FCED5-F4F9-427E-8E68-3051AA545227}.Debug|Any CPU.Build.0 = Debug|Any CPU
		{6B8FCED5-F4F9-427E-8E68-3051AA545227}.Release|Any CPU.ActiveCfg = Release|Any CPU
		{6B8FCED5-F4F9-427E-8E68-3051AA545227}.Release|Any CPU.Build.0 = Release|Any CPU
		{6C4C6A92-2ED4-4A42-B760-6F80D81ADCC2}.Debug|Any CPU.ActiveCfg = Debug|Any CPU
		{6C4C6A92-2ED4-4A42-B760-6F80D81ADCC2}.Debug|Any CPU.Build.0 = Debug|Any CPU
		{6C4C6A92-2ED4-4A42-B760-6F80D81ADCC2}.Release|Any CPU.ActiveCfg = Release|Any CPU
		{6C4C6A92-2ED4-4A42-B760-6F80D81ADCC2}.Release|Any CPU.Build.0 = Release|Any CPU
		{BC8AC356-7A38-41EA-9576-A2E56AC17CBC}.Debug|Any CPU.ActiveCfg = Debug|Any CPU
		{BC8AC356-7A38-41EA-9576-A2E56AC17CBC}.Debug|Any CPU.Build.0 = Debug|Any CPU
		{BC8AC356-7A38-41EA-9576-A2E56AC17CBC}.Release|Any CPU.ActiveCfg = Release|Any CPU
		{BC8AC356-7A38-41EA-9576-A2E56AC17CBC}.Release|Any CPU.Build.0 = Release|Any CPU
		{35A7091F-9E09-4796-9480-36D960BFA5AD}.Debug|Any CPU.ActiveCfg = Debug|Any CPU
		{35A7091F-9E09-4796-9480-36D960BFA5AD}.Debug|Any CPU.Build.0 = Debug|Any CPU
		{35A7091F-9E09-4796-9480-36D960BFA5AD}.Release|Any CPU.ActiveCfg = Release|Any CPU
		{35A7091F-9E09-4796-9480-36D960BFA5AD}.Release|Any CPU.Build.0 = Release|Any CPU
		{BE136618-CBAA-49A8-9326-07E91C75A874}.Debug|Any CPU.ActiveCfg = Debug|Any CPU
		{BE136618-CBAA-49A8-9326-07E91C75A874}.Debug|Any CPU.Build.0 = Debug|Any CPU
		{BE136618-CBAA-49A8-9326-07E91C75A874}.Release|Any CPU.ActiveCfg = Release|Any CPU
		{BE136618-CBAA-49A8-9326-07E91C75A874}.Release|Any CPU.Build.0 = Release|Any CPU
	EndGlobalSection
	GlobalSection(SolutionProperties) = preSolution
		HideSolutionNode = FALSE
	EndGlobalSection
	GlobalSection(ExtensibilityGlobals) = postSolution
		SolutionGuid = {0F3F6301-F1FF-425B-ABB7-4B95C63C7D66}
	EndGlobalSection
EndGlobal
